
Microsoft Visual Studio Solution File, Format Version 12.00
# Visual Studio Version 16
VisualStudioVersion = 16.0.30804.86
MinimumVisualStudioVersion = 10.0.40219.1
Project("{9A19103F-16F7-4668-BE54-9A1E7A4F7556}") = "Weather", "Weather\Weather.csproj", "{125E1308-C5D6-4B2C-9ECE-BD6E05332C88}"
EndProject
Project("{FAE04EC0-301F-11D3-BF4B-00C04F79EFBC}") = "WeatherTesting", "WeatherTesting\WeatherTesting.csproj", "{338CDDAA-5303-4950-8807-2FA964C7198B}"
EndProject
Global
	GlobalSection(SolutionConfigurationPlatforms) = preSolution
		Debug|Any CPU = Debug|Any CPU
		Release|Any CPU = Release|Any CPU
	EndGlobalSection
	GlobalSection(ProjectConfigurationPlatforms) = postSolution
		{125E1308-C5D6-4B2C-9ECE-BD6E05332C88}.Debug|Any CPU.ActiveCfg = Debug|Any CPU
		{125E1308-C5D6-4B2C-9ECE-BD6E05332C88}.Debug|Any CPU.Build.0 = Debug|Any CPU
		{125E1308-C5D6-4B2C-9ECE-BD6E05332C88}.Release|Any CPU.ActiveCfg = Release|Any CPU
		{125E1308-C5D6-4B2C-9ECE-BD6E05332C88}.Release|Any CPU.Build.0 = Release|Any CPU
		{338CDDAA-5303-4950-8807-2FA964C7198B}.Debug|Any CPU.ActiveCfg = Debug|Any CPU
		{338CDDAA-5303-4950-8807-2FA964C7198B}.Debug|Any CPU.Build.0 = Debug|Any CPU
		{338CDDAA-5303-4950-8807-2FA964C7198B}.Release|Any CPU.ActiveCfg = Release|Any CPU
		{338CDDAA-5303-4950-8807-2FA964C7198B}.Release|Any CPU.Build.0 = Release|Any CPU
	EndGlobalSection
	GlobalSection(SolutionProperties) = preSolution
		HideSolutionNode = FALSE
	EndGlobalSection
	GlobalSection(ExtensibilityGlobals) = postSolution
		SolutionGuid = {574F3A91-48ED-4CAD-8EF0-28B442AB13E7}
	EndGlobalSection
EndGlobal
